
Microsoft Visual Studio Solution File, Format Version 12.00
# Visual Studio Version 17
VisualStudioVersion = 17.4.33103.184
MinimumVisualStudioVersion = 10.0.40219.1
Project("{9A19103F-16F7-4668-BE54-9A1E7A4F7556}") = "OptionA.Tuner", "OptionA.Tuner\OptionA.Tuner.csproj", "{C91DF353-C19B-477D-B298-72993696388D}"
EndProject
Project("{FAE04EC0-301F-11D3-BF4B-00C04F79EFBC}") = "OptionA.Tuner.Decoder", "OptionA.Tuner.Decoder\OptionA.Tuner.Decoder.csproj", "{69787A5D-FCF6-44C3-BD15-EFD10F44973C}"
EndProject
Global
	GlobalSection(SolutionConfigurationPlatforms) = preSolution
		Debug|Any CPU = Debug|Any CPU
		Release|Any CPU = Release|Any CPU
	EndGlobalSection
	GlobalSection(ProjectConfigurationPlatforms) = postSolution
		{C91DF353-C19B-477D-B298-72993696388D}.Debug|Any CPU.ActiveCfg = Debug|Any CPU
		{C91DF353-C19B-477D-B298-72993696388D}.Debug|Any CPU.Build.0 = Debug|Any CPU
		{C91DF353-C19B-477D-B298-72993696388D}.Release|Any CPU.ActiveCfg = Release|Any CPU
		{C91DF353-C19B-477D-B298-72993696388D}.Release|Any CPU.Build.0 = Release|Any CPU
		{69787A5D-FCF6-44C3-BD15-EFD10F44973C}.Debug|Any CPU.ActiveCfg = Debug|Any CPU
		{69787A5D-FCF6-44C3-BD15-EFD10F44973C}.Debug|Any CPU.Build.0 = Debug|Any CPU
		{69787A5D-FCF6-44C3-BD15-EFD10F44973C}.Release|Any CPU.ActiveCfg = Release|Any CPU
		{69787A5D-FCF6-44C3-BD15-EFD10F44973C}.Release|Any CPU.Build.0 = Release|Any CPU
	EndGlobalSection
	GlobalSection(SolutionProperties) = preSolution
		HideSolutionNode = FALSE
	EndGlobalSection
	GlobalSection(ExtensibilityGlobals) = postSolution
		SolutionGuid = {66475A18-3C89-44C6-85D8-45B2F973D043}
	EndGlobalSection
EndGlobal
